apiVersion: vendir.k14s.io/v1alpha1
directories:
- contents:
  - git:
      commitTitle: add resources to linkerd2-cni
      sha: c42c42bbf205b759db1a1f477e12256ba131b384
      tags:
      - stable-2.10.1-1948-gc42c42bbf
    path: linkerd2-cni
  - git:
      commitTitle: add resources to linkerd2-cni
      sha: c42c42bbf205b759db1a1f477e12256ba131b384
      tags:
      - stable-2.10.1-1948-gc42c42bbf
    path: partials
  path: helm/linkerd2-cni-app/charts
kind: LockConfig
